
Microsoft Visual Studio Solution File, Format Version 11.00
# Visual Studio 2010
Project("{FAE04EC0-301F-11D3-BF4B-00C04F79EFBC}") = "MvcApplication1", "MvcApplication1\MvcApplication1.csproj", "{DB384085-6A39-4E0D-9DA4-7A278459AA80}"
EndProject
Global
	GlobalSection(SolutionConfigurationPlatforms) = preSolution
		Debug|Any CPU = Debug|Any CPU
		Release|Any CPU = Release|Any CPU
	EndGlobalSection
	GlobalSection(ProjectConfigurationPlatforms) = postSolution
		{DB384085-6A39-4E0D-9DA4-7A278459AA80}.Debug|Any CPU.ActiveCfg = Debug|Any CPU
		{DB384085-6A39-4E0D-9DA4-7A278459AA80}.Debug|Any CPU.Build.0 = Debug|Any CPU
		{DB384085-6A39-4E0D-9DA4-7A278459AA80}.Release|Any CPU.ActiveCfg = Release|Any CPU
		{DB384085-6A39-4E0D-9DA4-7A278459AA80}.Release|Any CPU.Build.0 = Release|Any CPU
	EndGlobalSection
	GlobalSection(SolutionProperties) = preSolution
		HideSolutionNode = FALSE
	EndGlobalSection
EndGlobal
